
Microsoft Visual Studio Solution File, Format Version 12.00
# Visual Studio Version 17
VisualStudioVersion = 17.1.32210.238
MinimumVisualStudioVersion = 10.0.40219.1
Project("{9A19103F-16F7-4668-BE54-9A1E7A4F7556}") = "ConsolePresentation", "ConsolePresentation\ConsolePresentation.csproj", "{17D46EC7-7DED-43A9-81EB-9403387FF023}"
EndProject
Project("{9A19103F-16F7-4668-BE54-9A1E7A4F7556}") = "Application", "Application\Application.csproj", "{CCA4612C-A2CC-4BC7-814E-08B2143D6B07}"
EndProject
Project("{9A19103F-16F7-4668-BE54-9A1E7A4F7556}") = "Domain", "Domain\Domain.csproj", "{82FE28D5-67A4-4C03-AA30-11913802342E}"
EndProject
Project("{9A19103F-16F7-4668-BE54-9A1E7A4F7556}") = "Infrastructure", "Infrastructure\Infrastructure.csproj", "{7FCDC915-7997-42EB-ACA6-FC1CAA8D9390}"
EndProject
Global
	GlobalSection(SolutionConfigurationPlatforms) = preSolution
		Debug|Any CPU = Debug|Any CPU
		Release|Any CPU = Release|Any CPU
	EndGlobalSection
	GlobalSection(ProjectConfigurationPlatforms) = postSolution
		{17D46EC7-7DED-43A9-81EB-9403387FF023}.Debug|Any CPU.ActiveCfg = Debug|Any CPU
		{17D46EC7-7DED-43A9-81EB-9403387FF023}.Debug|Any CPU.Build.0 = Debug|Any CPU
		{17D46EC7-7DED-43A9-81EB-9403387FF023}.Release|Any CPU.ActiveCfg = Release|Any CPU
		{17D46EC7-7DED-43A9-81EB-9403387FF023}.Release|Any CPU.Build.0 = Release|Any CPU
		{CCA4612C-A2CC-4BC7-814E-08B2143D6B07}.Debug|Any CPU.ActiveCfg = Debug|Any CPU
		{CCA4612C-A2CC-4BC7-814E-08B2143D6B07}.Debug|Any CPU.Build.0 = Debug|Any CPU
		{CCA4612C-A2CC-4BC7-814E-08B2143D6B07}.Release|Any CPU.ActiveCfg = Release|Any CPU
		{CCA4612C-A2CC-4BC7-814E-08B2143D6B07}.Release|Any CPU.Build.0 = Release|Any CPU
		{82FE28D5-67A4-4C03-AA30-11913802342E}.Debug|Any CPU.ActiveCfg = Debug|Any CPU
		{82FE28D5-67A4-4C03-AA30-11913802342E}.Debug|Any CPU.Build.0 = Debug|Any CPU
		{82FE28D5-67A4-4C03-AA30-11913802342E}.Release|Any CPU.ActiveCfg = Release|Any CPU
		{82FE28D5-67A4-4C03-AA30-11913802342E}.Release|Any CPU.Build.0 = Release|Any CPU
		{7FCDC915-7997-42EB-ACA6-FC1CAA8D9390}.Debug|Any CPU.ActiveCfg = Debug|Any CPU
		{7FCDC915-7997-42EB-ACA6-FC1CAA8D9390}.Debug|Any CPU.Build.0 = Debug|Any CPU
		{7FCDC915-7997-42EB-ACA6-FC1CAA8D9390}.Release|Any CPU.ActiveCfg = Release|Any CPU
		{7FCDC915-7997-42EB-ACA6-FC1CAA8D9390}.Release|Any CPU.Build.0 = Release|Any CPU
	EndGlobalSection
	GlobalSection(SolutionProperties) = preSolution
		HideSolutionNode = FALSE
	EndGlobalSection
	GlobalSection(ExtensibilityGlobals) = postSolution
		SolutionGuid = {D4E39C38-3DEF-4352-8CB5-57DAD0924C41}
	EndGlobalSection
EndGlobal
